
Microsoft Visual Studio Solution File, Format Version 12.00
# Visual Studio 15
VisualStudioVersion = 15.0.26730.16
MinimumVisualStudioVersion = 10.0.40219.1
Project("{9A19103F-16F7-4668-BE54-9A1E7A4F7556}") = "Eshopworld.MetaCore", "EshopWorld.MetaCore\Eshopworld.MetaCore.csproj", "{6E1EE6DE-B1AB-4355-B3D0-BB3EEB1DAF3C}"
EndProject
Global
	GlobalSection(SolutionConfigurationPlatforms) = preSolution
		Debug|Any CPU = Debug|Any CPU
		Release|Any CPU = Release|Any CPU
	EndGlobalSection
	GlobalSection(ProjectConfigurationPlatforms) = postSolution
		{6E1EE6DE-B1AB-4355-B3D0-BB3EEB1DAF3C}.Debug|Any CPU.ActiveCfg = Debug|Any CPU
		{6E1EE6DE-B1AB-4355-B3D0-BB3EEB1DAF3C}.Debug|Any CPU.Build.0 = Debug|Any CPU
		{6E1EE6DE-B1AB-4355-B3D0-BB3EEB1DAF3C}.Release|Any CPU.ActiveCfg = Release|Any CPU
		{6E1EE6DE-B1AB-4355-B3D0-BB3EEB1DAF3C}.Release|Any CPU.Build.0 = Release|Any CPU
	EndGlobalSection
	GlobalSection(SolutionProperties) = preSolution
		HideSolutionNode = FALSE
	EndGlobalSection
	GlobalSection(ExtensibilityGlobals) = postSolution
		SolutionGuid = {CE543E86-08D0-4640-947A-501A428328F8}
	EndGlobalSection
EndGlobal
